{
 "name": "gulp-css-image-path-check",
 "version": "0.1.2",
 "lockfileVersion": 1,
 "requires": true,
 "dependencies": {
  "atob": {
   "version": "2.1.2",
   "resolved": "https://registry.npmjs.org/atob/-/atob-2.1.2.tgz",
   "integrity": "sha512-Wm6ukoaOGJi/73p/cl2GvLjTI5JM1k/O14isD73YML8StrH/7/lRFgmg8nICZgD3bZZvjwCGxtMOD3wWNAu8cg==",
   "dev": true
  },
  "colors": {
   "version": "1.4.0",
   "resolved": "https://registry.npmjs.org/colors/-/colors-1.4.0.tgz",
   "integrity": "sha512-a+UqTh4kgZg/SlGvfbzDHpgRu7AAQOmmqRHJnxhRZICKFUT91brVhNNt58CMWU9PsBbv3PDCZUHbVxuDiH2mtA==",
   "dev": true
  },
  "convert-source-map": {
   "version": "0.3.5",
   "resolved": "https://registry.npmjs.org/convert-source-map/-/convert-source-map-0.3.5.tgz",
   "integrity": "sha1-8dgClQr33SYxof6+BZZVDIarMZA=",
   "dev": true
  },
  "css": {
   "version": "2.2.4",
   "resolved": "https://registry.npmjs.org/css/-/css-2.2.4.tgz",
   "integrity": "sha512-oUnjmWpy0niI3x/mPL8dVEI1l7MnG3+HHyRPHf+YFSbK+svOhXpmSOcDURUh2aOCgl2grzrOPt1nHLuCVFULLw==",
   "dev": true,
   "requires": {
    "inherits": "^2.0.3",
    "source-map": "^0.6.1",
    "source-map-resolve": "^0.5.2",
    "urix": "^0.1.0"
   },
   "dependencies": {
    "source-map": {
     "version": "0.6.1",
     "resolved": "https://registry.npmjs.org/source-map/-/source-map-0.6.1.tgz",
     "integrity": "sha512-UjgapumWlbMhkBgzT7Ykc5YXUT46F0iKu8SGXq0bcwP5dz/h0Plj6enJqjz1Zbq2l5WaqYnrVbwWOWMyF3F47g==",
     "dev": true
    }
   }
  },
  "decode-uri-component": {
   "version": "0.2.0",
   "resolved": "https://registry.npmjs.org/decode-uri-component/-/decode-uri-component-0.2.0.tgz",
   "integrity": "sha1-6zkTMzRYd1y4TNGh+uBiEGu4dUU=",
   "dev": true
  },
  "inherits": {
   "version": "2.0.4",
   "resolved": "https://registry.npmjs.org/inherits/-/inherits-2.0.4.tgz",
   "integrity": "sha512-k/vGaX4/Yla3WzyMCvTQOXYeIHvqOKtnqBduzTHpzpQZzAskKMhZ2K+EnBiSM9zGSoIFeMpXKxa4dYeZIQqewQ==",
   "dev": true
  },
  "resolve-url": {
   "version": "0.2.1",
   "resolved": "https://registry.npmjs.org/resolve-url/-/resolve-url-0.2.1.tgz",
   "integrity": "sha1-LGN/53yJOv0qZj/iGqkIAGjiBSo=",
   "dev": true
  },
  "rework": {
   "version": "1.0.1",
   "resolved": "https://registry.npmjs.org/rework/-/rework-1.0.1.tgz",
   "integrity": "sha1-MIBqhBNCtUUQqkEQhQzUhTQUSqc=",
   "dev": true,
   "requires": {
    "convert-source-map": "^0.3.3",
    "css": "^2.0.0"
   }
  },
  "rework-plugin-function": {
   "version": "1.0.2",
   "resolved": "https://registry.npmjs.org/rework-plugin-function/-/rework-plugin-function-1.0.2.tgz",
   "integrity": "sha1-Es5G+1sptdk1FGaD9rmM9J0jc7k=",
   "dev": true,
   "requires": {
    "rework-visit": "^1.0.0"
   }
  },
  "rework-plugin-url": {
   "version": "1.1.0",
   "resolved": "https://registry.npmjs.org/rework-plugin-url/-/rework-plugin-url-1.1.0.tgz",
   "integrity": "sha1-q1PosQV7nV7MHIJz/32xhgg3XEU=",
   "dev": true,
   "requires": {
    "rework-plugin-function": "^1.0.0"
   }
  },
  "rework-visit": {
   "version": "1.0.0",
   "resolved": "https://registry.npmjs.org/rework-visit/-/rework-visit-1.0.0.tgz",
   "integrity": "sha1-mUWygD8hni96ygCtuLyfZA+ELJo=",
   "dev": true
  },
  "source-map-resolve": {
   "version": "0.5.3",
   "resolved": "https://registry.npmjs.org/source-map-resolve/-/source-map-resolve-0.5.3.tgz",
   "integrity": "sha512-Htz+RnsXWk5+P2slx5Jh3Q66vhQj1Cllm0zvnaY98+NFx+Dv2CF/f5O/t8x+KaNdrdIAsruNzoh/KpialbqAnw==",
   "dev": true,
   "requires": {
    "atob": "^2.1.2",
    "decode-uri-component": "^0.2.0",
    "resolve-url": "^0.2.1",
    "source-map-url": "^0.4.0",
    "urix": "^0.1.0"
   }
  },
  "source-map-url": {
   "version": "0.4.0",
   "resolved": "https://registry.npmjs.org/source-map-url/-/source-map-url-0.4.0.tgz",
   "integrity": "sha1-PpNdfd1zYxuXZZlW1VEo6HtQhKM=",
   "dev": true
  },
  "string_decoder": {
   "version": "1.3.0",
   "resolved": "https://registry.npmjs.org/string_decoder/-/string_decoder-1.3.0.tgz",
   "integrity": "sha512-hkRX8U1WjJFd8LsDJ2yQ/wWWxaopEsABU1XfkM8A+j0+85JAGppt16cr1Whg6KIbb4okU6Mql6BOj+uup/wKeA==",
   "dev": true,
   "requires": {
    "safe-buffer": "~5.2.0"
   },
   "dependencies": {
    "safe-buffer": {
     "version": "5.2.1",
     "resolved": "https://registry.npmjs.org/safe-buffer/-/safe-buffer-5.2.1.tgz",
     "integrity": "sha512-rp3So07KcdmmKbGvgaNxQSJr7bGVSVk5S9Eq1F+ppbRo70+YeaDxkw5Dd8NPN+GD6bjnYm2VuPuCXmpuYvmCXQ==",
     "dev": true
    }
   }
  },
  "through2": {
   "version": "4.0.2",
   "resolved": "https://registry.npmjs.org/through2/-/through2-4.0.2.tgz",
   "integrity": "sha512-iOqSav00cVxEEICeD7TjLB1sueEL+81Wpzp2bY17uZjZN0pWZPuo4suZ/61VujxmqSGFfgOcNuTZ85QJwNZQpw==",
   "dev": true,
   "requires": {
    "readable-stream": "3"
   },
   "dependencies": {
    "readable-stream": {
     "version": "3.6.0",
     "resolved": "https://registry.npmjs.org/readable-stream/-/readable-stream-3.6.0.tgz",
     "integrity": "sha512-BViHy7LKeTz4oNnkcLJ+lVSL6vpiFeX6/d3oSH8zCW7UxP2onchk+vTGB143xuFjHS3deTgkKoXXymXqymiIdA==",
     "dev": true,
     "requires": {
      "inherits": "^2.0.3",
      "string_decoder": "^1.1.1",
      "util-deprecate": "^1.0.1"
     }
    }
   }
  },
  "urix": {
   "version": "0.1.0",
   "resolved": "https://registry.npmjs.org/urix/-/urix-0.1.0.tgz",
   "integrity": "sha1-2pN/emLiH+wf0Y1Js1wpNQZ6bHI=",
   "dev": true
  },
  "util-deprecate": {
   "version": "1.0.2",
   "resolved": "https://registry.npmjs.org/util-deprecate/-/util-deprecate-1.0.2.tgz",
   "integrity": "sha1-RQ1Nyfpw3nMnYvvS1KKJgUGaDM8=",
   "dev": true
  }
 }
}
